DEPENDENCIES
  riverice
    path: .
    metadata: true

GRAPH
  chef-sugar (4.0.0)
  firewall (2.6.3)
    chef-sugar (>= 0.0.0)
  gina_firewall (0.1.5)
    chef-sugar (>= 0.0.0)
    firewall (>= 2.6.1)
  ldm (0.5.0)
    user (>= 0.0.0)
  riverice (1.0.2)
    gina_firewall (>= 0.0.0)
    ldm (>= 0.0.0)
    sudo (>= 0.0.0)
    user (>= 0.0.0)
  sudo (3.5.3)
  user (0.7.0)
