DEPENDENCIES
  gina-iptables
    git: git@github.alaska.edu:gina-cookbooks/gina-iptables
    revision: 0a4b01ee169175df96aad77d16608b740500ab5a
  idl
    git: git@github.alaska.edu:UAF-RCS-Cookbooks/idl
    revision: 2a0057a5bc8c6cc3ecf0b6afb8608ed4864a0133
  ldm
    git: https://github.com/gina-alaska/ldm-cookbook
    revision: f1e1ed6cb517f95245dcd1061ce45a04da2abf66
  riverice
    path: .
    metadata: true
  yum-puias
    git: https://github.com/gina-alaska/yum-puias
    revision: cb80ce4bfddac1b6e615fa20a54f5d3a5b609ca3

GRAPH
  7-zip (1.0.2)
    windows (>= 1.2.2)
  build-essential (2.3.1)
    7-zip (>= 0.0.0)
  chef-sugar (3.1.1)
  chef_handler (1.3.0)
  gina-iptables (1.1.4)
    chef-sugar (~> 3.1.0)
    iptables-ng (~> 2.2.6)
  idl (0.1.0)
  iptables-ng (2.2.8)
  ldm (0.4.0)
    build-essential (>= 0.0.0)
    user (>= 0.0.0)
  line (0.6.3)
  nfs (2.2.6)
    line (>= 0.0.0)
    sysctl (>= 0.0.0)
  ohai (2.1.0)
  poise (2.6.0)
  poise-languages (1.3.2)
    poise (~> 2.5)
  poise-python (1.2.1)
    poise (~> 2.0)
    poise-languages (~> 1.2)
  riverice (0.7.4)
    build-essential (>= 0.0.0)
    gina-iptables (>= 0.0.0)
    idl (>= 0.0.0)
    ldm (>= 0.0.0)
    nfs (>= 0.0.0)
    poise-python (>= 0.0.0)
    sudo (>= 0.0.0)
    yum (~> 3.0)
    yum-epel (>= 0.0.0)
    yum-puias (>= 0.0.0)
  sudo (2.9.0)
  sysctl (0.7.0)
    ohai (>= 0.0.0)
  user (0.4.2)
  windows (1.39.1)
    chef_handler (>= 0.0.0)
  yum (3.10.0)
  yum-epel (0.6.5)
    yum (~> 3.2)
  yum-puias (0.1.0)
    yum (~> 3.0)
