DEPENDENCIES
  idl
    git: git@github.alaska.edu:UAF-RCS-Cookbooks/idl
    revision: 2a0057a5bc8c6cc3ecf0b6afb8608ed4864a0133
  riverice
    path: .
    metadata: true
  yum-puias
    git: https://github.com/gina-alaska/yum-puias
    revision: cb80ce4bfddac1b6e615fa20a54f5d3a5b609ca3

GRAPH
  apt (6.1.0)
  build-essential (8.0.1)
    mingw (>= 1.1)
    seven_zip (>= 0.0.0)
  chef-client (4.3.3)
    cron (>= 1.2.0)
    logrotate (>= 1.2.0)
    windows (>= 1.39.0)
  chef-sugar (3.1.1)
  chef_client_updater (1.1.1)
    compat_resource (>= 12.16.3)
  compat_resource (12.19.0)
  cron (4.1.1)
    compat_resource (>= 0.0.0)
  firewall (2.6.1)
    chef-sugar (>= 0.0.0)
  gina-server (1.6.0)
    chef-client (= 4.3.3)
    chef-sugar (~> 3.1.0)
    chef_client_updater (>= 1.0.2)
    gina-users (>= 1.2.0)
    gina_firewall (>= 0.1.1)
    ntp (= 1.8.6)
    openssh (= 2.1.0)
    resolver (= 1.3.0)
    selinux (>= 0.0.0)
    system (= 0.11.1)
  gina-users (1.2.0)
    chef-sugar (>= 0.0.0)
    sudo (>= 0.0.0)
    users (>= 0.0.0)
  gina_firewall (0.1.2)
    chef-sugar (>= 0.0.0)
    firewall (>= 2.6.1)
  hostsfile (2.4.5)
  idl (0.1.0)
  iptables (4.2.0)
  ldm (0.4.1)
    build-essential (>= 0.0.0)
    rsyslog (>= 0.0.0)
    user (>= 0.0.0)
  line (0.6.3)
  logrotate (2.1.0)
    compat_resource (>= 0.0.0)
  mingw (2.0.1)
    seven_zip (>= 0.0.0)
  nfs (2.3.1)
    line (>= 0.0.0)
    sysctl (>= 0.0.0)
  ntp (1.8.6)
  ohai (5.0.4)
  openssh (2.1.0)
    iptables (>= 1.0)
  poise (2.8.1)
  poise-archive (1.5.0)
    poise (~> 2.6)
  poise-languages (2.1.0)
    poise (~> 2.5)
    poise-archive (~> 1.0)
  poise-python (1.6.0)
    poise (~> 2.7)
    poise-languages (~> 2.0)
  resolver (1.3.0)
  riverice (0.8.0)
    build-essential (>= 0.0.0)
    gina-server (>= 0.0.0)
    gina_firewall (>= 0.0.0)
    idl (>= 0.0.0)
    ldm (>= 0.0.0)
    nfs (>= 0.0.0)
    poise-python (>= 0.0.0)
    sudo (>= 0.0.0)
    yum (~> 3.0)
    yum-epel (>= 0.0.0)
    yum-puias (>= 0.0.0)
  rsyslog (6.0.1)
  selinux (2.0.0)
  seven_zip (2.0.2)
    windows (>= 1.2.2)
  sudo (3.4.0)
  sysctl (0.8.1)
    ohai (>= 4.0)
  system (0.11.1)
    apt (>= 0.0.0)
    cron (>= 0.0.0)
    hostsfile (>= 0.0.0)
  user (0.7.0)
  users (5.0.0)
  windows (3.0.5)
    ohai (>= 4.0.0)
  yum (3.13.0)
  yum-epel (2.1.1)
    compat_resource (>= 12.16.3)
  yum-puias (0.1.0)
    yum (~> 3.0)
